
Microsoft Visual Studio Solution File, Format Version 12.00
# Visual Studio Version 17
VisualStudioVersion = 17.3.32825.248
MinimumVisualStudioVersion = 10.0.40219.1
Project("{9A19103F-16F7-4668-BE54-9A1E7A4F7556}") = "Ders01Degiskenler", "Ders01Degiskenler\Ders01Degiskenler.csproj", "{9C2CF9EA-A13F-4ECA-B947-7AFA04C151B0}"
EndProject
Project("{FAE04EC0-301F-11D3-BF4B-00C04F79EFBC}") = "Ders02Diziler", "Ders02Diziler\Ders02Diziler.csproj", "{64BA34B0-02BD-4D0F-A7A3-E34FB6B213B6}"
EndProject
Project("{FAE04EC0-301F-11D3-BF4B-00C04F79EFBC}") = "Ders03TipDonusumleri", "Ders03TipDonusumleri\Ders03TipDonusumleri.csproj", "{0D18BD22-5D20-499E-8DED-A3431C12F725}"
EndProject
Project("{FAE04EC0-301F-11D3-BF4B-00C04F79EFBC}") = "Ders04Operatorler", "Ders04Operatorler\Ders04Operatorler.csproj", "{DA95C21F-18C4-4A27-A979-2B7C975640F0}"
EndProject
Global
	GlobalSection(SolutionConfigurationPlatforms) = preSolution
		Debug|Any CPU = Debug|Any CPU
		Release|Any CPU = Release|Any CPU
	EndGlobalSection
	GlobalSection(ProjectConfigurationPlatforms) = postSolution
		{9C2CF9EA-A13F-4ECA-B947-7AFA04C151B0}.Debug|Any CPU.ActiveCfg = Debug|Any CPU
		{9C2CF9EA-A13F-4ECA-B947-7AFA04C151B0}.Debug|Any CPU.Build.0 = Debug|Any CPU
		{9C2CF9EA-A13F-4ECA-B947-7AFA04C151B0}.Release|Any CPU.ActiveCfg = Release|Any CPU
		{9C2CF9EA-A13F-4ECA-B947-7AFA04C151B0}.Release|Any CPU.Build.0 = Release|Any CPU
		{64BA34B0-02BD-4D0F-A7A3-E34FB6B213B6}.Debug|Any CPU.ActiveCfg = Debug|Any CPU
		{64BA34B0-02BD-4D0F-A7A3-E34FB6B213B6}.Debug|Any CPU.Build.0 = Debug|Any CPU
		{64BA34B0-02BD-4D0F-A7A3-E34FB6B213B6}.Release|Any CPU.ActiveCfg = Release|Any CPU
		{64BA34B0-02BD-4D0F-A7A3-E34FB6B213B6}.Release|Any CPU.Build.0 = Release|Any CPU
		{0D18BD22-5D20-499E-8DED-A3431C12F725}.Debug|Any CPU.ActiveCfg = Debug|Any CPU
		{0D18BD22-5D20-499E-8DED-A3431C12F725}.Debug|Any CPU.Build.0 = Debug|Any CPU
		{0D18BD22-5D20-499E-8DED-A3431C12F725}.Release|Any CPU.ActiveCfg = Release|Any CPU
		{0D18BD22-5D20-499E-8DED-A3431C12F725}.Release|Any CPU.Build.0 = Release|Any CPU
		{DA95C21F-18C4-4A27-A979-2B7C975640F0}.Debug|Any CPU.ActiveCfg = Debug|Any CPU
		{DA95C21F-18C4-4A27-A979-2B7C975640F0}.Debug|Any CPU.Build.0 = Debug|Any CPU
		{DA95C21F-18C4-4A27-A979-2B7C975640F0}.Release|Any CPU.ActiveCfg = Release|Any CPU
		{DA95C21F-18C4-4A27-A979-2B7C975640F0}.Release|Any CPU.Build.0 = Release|Any CPU
	EndGlobalSection
	GlobalSection(SolutionProperties) = preSolution
		HideSolutionNode = FALSE
	EndGlobalSection
	GlobalSection(ExtensibilityGlobals) = postSolution
		SolutionGuid = {37CE4BFB-FE93-431C-BD03-5247599806CE}
	EndGlobalSection
EndGlobal
